
Microsoft Visual Studio Solution File, Format Version 12.00
# Visual Studio 15
VisualStudioVersion = 15.0.28010.2016
MinimumVisualStudioVersion = 10.0.40219.1
Project("{9A19103F-16F7-4668-BE54-9A1E7A4F7556}") = "OCREngine.WebApi", "OCREngine.WebApi\OCREngine.WebApi.csproj", "{E29F5DAA-35F7-4FCB-A8CA-16D0E20E65C7}"
EndProject
Project("{FAE04EC0-301F-11D3-BF4B-00C04F79EFBC}") = "OCREngine.WebClient", "OCREngine.WebClient\OCREngine.WebClient.csproj", "{EF932B1F-8356-40F1-B4B1-BF2FA76D3E95}"
EndProject
Global
	GlobalSection(SolutionConfigurationPlatforms) = preSolution
		Debug|Any CPU = Debug|Any CPU
		Release|Any CPU = Release|Any CPU
	EndGlobalSection
	GlobalSection(ProjectConfigurationPlatforms) = postSolution
		{E29F5DAA-35F7-4FCB-A8CA-16D0E20E65C7}.Debug|Any CPU.ActiveCfg = Debug|Any CPU
		{E29F5DAA-35F7-4FCB-A8CA-16D0E20E65C7}.Debug|Any CPU.Build.0 = Debug|Any CPU
		{E29F5DAA-35F7-4FCB-A8CA-16D0E20E65C7}.Release|Any CPU.ActiveCfg = Release|Any CPU
		{E29F5DAA-35F7-4FCB-A8CA-16D0E20E65C7}.Release|Any CPU.Build.0 = Release|Any CPU
		{EF932B1F-8356-40F1-B4B1-BF2FA76D3E95}.Debug|Any CPU.ActiveCfg = Debug|Any CPU
		{EF932B1F-8356-40F1-B4B1-BF2FA76D3E95}.Debug|Any CPU.Build.0 = Debug|Any CPU
		{EF932B1F-8356-40F1-B4B1-BF2FA76D3E95}.Release|Any CPU.ActiveCfg = Release|Any CPU
		{EF932B1F-8356-40F1-B4B1-BF2FA76D3E95}.Release|Any CPU.Build.0 = Release|Any CPU
	EndGlobalSection
	GlobalSection(SolutionProperties) = preSolution
		HideSolutionNode = FALSE
	EndGlobalSection
	GlobalSection(ExtensibilityGlobals) = postSolution
		SolutionGuid = {B7E6C2FE-43EF-47DD-86F2-FE574BDEFB07}
	EndGlobalSection
EndGlobal
