
Microsoft Visual Studio Solution File, Format Version 12.00
# Visual Studio 15
VisualStudioVersion = 15.0.28010.2016
MinimumVisualStudioVersion = 10.0.40219.1
Project("{9A19103F-16F7-4668-BE54-9A1E7A4F7556}") = "OCREngine.WebApi", "OCREngine.WebApi\OCREngine.WebApi.csproj", "{E29F5DAA-35F7-4FCB-A8CA-16D0E20E65C7}"
EndProject
Project("{151D2E53-A2C4-4D7D-83FE-D05416EBD58E}") = "ARMDeploy", "ARMDeploy\ARMDeploy.deployproj", "{409DB37E-9CF6-4269-8213-24C497E06699}"
EndProject
Project("{9A19103F-16F7-4668-BE54-9A1E7A4F7556}") = "OCREngine.Domain", "OCREngine.Domain\OCREngine.Domain.csproj", "{242763E5-4C81-4014-99FB-931138F54035}"
EndProject
Project("{9A19103F-16F7-4668-BE54-9A1E7A4F7556}") = "OCREngine.Application", "OCREngine.Application\OCREngine.Application.csproj", "{4EDE7320-89D7-43A8-A2C8-5089F4ABE501}"
EndProject
Project("{FAE04EC0-301F-11D3-BF4B-00C04F79EFBC}") = "OCREngine.Infrastructure", "OCREngine.Infrastructure\OCREngine.Infrastructure.csproj", "{1BEE81F5-D5CB-455B-98D6-AC76683F7794}"
EndProject
Global
	GlobalSection(SolutionConfigurationPlatforms) = preSolution
		Debug|Any CPU = Debug|Any CPU
		Release|Any CPU = Release|Any CPU
	EndGlobalSection
	GlobalSection(ProjectConfigurationPlatforms) = postSolution
		{E29F5DAA-35F7-4FCB-A8CA-16D0E20E65C7}.Debug|Any CPU.ActiveCfg = Debug|Any CPU
		{E29F5DAA-35F7-4FCB-A8CA-16D0E20E65C7}.Debug|Any CPU.Build.0 = Debug|Any CPU
		{E29F5DAA-35F7-4FCB-A8CA-16D0E20E65C7}.Release|Any CPU.ActiveCfg = Release|Any CPU
		{E29F5DAA-35F7-4FCB-A8CA-16D0E20E65C7}.Release|Any CPU.Build.0 = Release|Any CPU
		{409DB37E-9CF6-4269-8213-24C497E06699}.Debug|Any CPU.ActiveCfg = Debug|Any CPU
		{409DB37E-9CF6-4269-8213-24C497E06699}.Debug|Any CPU.Build.0 = Debug|Any CPU
		{409DB37E-9CF6-4269-8213-24C497E06699}.Release|Any CPU.ActiveCfg = Release|Any CPU
		{409DB37E-9CF6-4269-8213-24C497E06699}.Release|Any CPU.Build.0 = Release|Any CPU
		{242763E5-4C81-4014-99FB-931138F54035}.Debug|Any CPU.ActiveCfg = Debug|Any CPU
		{242763E5-4C81-4014-99FB-931138F54035}.Debug|Any CPU.Build.0 = Debug|Any CPU
		{242763E5-4C81-4014-99FB-931138F54035}.Release|Any CPU.ActiveCfg = Release|Any CPU
		{242763E5-4C81-4014-99FB-931138F54035}.Release|Any CPU.Build.0 = Release|Any CPU
		{4EDE7320-89D7-43A8-A2C8-5089F4ABE501}.Debug|Any CPU.ActiveCfg = Debug|Any CPU
		{4EDE7320-89D7-43A8-A2C8-5089F4ABE501}.Debug|Any CPU.Build.0 = Debug|Any CPU
		{4EDE7320-89D7-43A8-A2C8-5089F4ABE501}.Release|Any CPU.ActiveCfg = Release|Any CPU
		{4EDE7320-89D7-43A8-A2C8-5089F4ABE501}.Release|Any CPU.Build.0 = Release|Any CPU
		{1BEE81F5-D5CB-455B-98D6-AC76683F7794}.Debug|Any CPU.ActiveCfg = Debug|Any CPU
		{1BEE81F5-D5CB-455B-98D6-AC76683F7794}.Debug|Any CPU.Build.0 = Debug|Any CPU
		{1BEE81F5-D5CB-455B-98D6-AC76683F7794}.Release|Any CPU.ActiveCfg = Release|Any CPU
		{1BEE81F5-D5CB-455B-98D6-AC76683F7794}.Release|Any CPU.Build.0 = Release|Any CPU
	EndGlobalSection
	GlobalSection(SolutionProperties) = preSolution
		HideSolutionNode = FALSE
	EndGlobalSection
	GlobalSection(ExtensibilityGlobals) = postSolution
		SolutionGuid = {B7E6C2FE-43EF-47DD-86F2-FE574BDEFB07}
	EndGlobalSection
EndGlobal
