
Microsoft Visual Studio Solution File, Format Version 12.00
# Visual Studio Version 16
VisualStudioVersion = 16.0.29306.81
MinimumVisualStudioVersion = 10.0.40219.1
Project("{151D2E53-A2C4-4D7D-83FE-D05416EBD58E}") = "ARMDeploy", "ARMDeploy\ARMDeploy.deployproj", "{409DB37E-9CF6-4269-8213-24C497E06699}"
EndProject
Project("{9A19103F-16F7-4668-BE54-9A1E7A4F7556}") = "OCREngine.Domain", "OCREngine.Domain\OCREngine.Domain.csproj", "{242763E5-4C81-4014-99FB-931138F54035}"
EndProject
Project("{9A19103F-16F7-4668-BE54-9A1E7A4F7556}") = "OCREngine.Application", "OCREngine.Application\OCREngine.Application.csproj", "{4EDE7320-89D7-43A8-A2C8-5089F4ABE501}"
EndProject
Project("{9A19103F-16F7-4668-BE54-9A1E7A4F7556}") = "Tests", "Tests\Tests.csproj", "{967A1C75-D125-466C-90A6-CA87EF3C4636}"
EndProject
Project("{9A19103F-16F7-4668-BE54-9A1E7A4F7556}") = "OCREngine.Function", "OCREngine.Function\OCREngine.Function.csproj", "{2A9B529B-C7BF-45F4-A051-837564F01505}"
EndProject
Project("{9A19103F-16F7-4668-BE54-9A1E7A4F7556}") = "OCREngine.DurableFunction", "OCREngine.DurableFunction\OCREngine.DurableFunction.csproj", "{13DB4F43-4C4D-4D6F-9E8F-B101F97FB3B5}"
EndProject
Global
	GlobalSection(SolutionConfigurationPlatforms) = preSolution
		Debug|Any CPU = Debug|Any CPU
		Release|Any CPU = Release|Any CPU
	EndGlobalSection
	GlobalSection(ProjectConfigurationPlatforms) = postSolution
		{409DB37E-9CF6-4269-8213-24C497E06699}.Debug|Any CPU.ActiveCfg = Debug|Any CPU
		{409DB37E-9CF6-4269-8213-24C497E06699}.Debug|Any CPU.Build.0 = Debug|Any CPU
		{409DB37E-9CF6-4269-8213-24C497E06699}.Release|Any CPU.ActiveCfg = Release|Any CPU
		{409DB37E-9CF6-4269-8213-24C497E06699}.Release|Any CPU.Build.0 = Release|Any CPU
		{242763E5-4C81-4014-99FB-931138F54035}.Debug|Any CPU.ActiveCfg = Debug|Any CPU
		{242763E5-4C81-4014-99FB-931138F54035}.Debug|Any CPU.Build.0 = Debug|Any CPU
		{242763E5-4C81-4014-99FB-931138F54035}.Release|Any CPU.ActiveCfg = Release|Any CPU
		{242763E5-4C81-4014-99FB-931138F54035}.Release|Any CPU.Build.0 = Release|Any CPU
		{4EDE7320-89D7-43A8-A2C8-5089F4ABE501}.Debug|Any CPU.ActiveCfg = Debug|Any CPU
		{4EDE7320-89D7-43A8-A2C8-5089F4ABE501}.Debug|Any CPU.Build.0 = Debug|Any CPU
		{4EDE7320-89D7-43A8-A2C8-5089F4ABE501}.Release|Any CPU.ActiveCfg = Release|Any CPU
		{4EDE7320-89D7-43A8-A2C8-5089F4ABE501}.Release|Any CPU.Build.0 = Release|Any CPU
		{967A1C75-D125-466C-90A6-CA87EF3C4636}.Debug|Any CPU.ActiveCfg = Debug|Any CPU
		{967A1C75-D125-466C-90A6-CA87EF3C4636}.Debug|Any CPU.Build.0 = Debug|Any CPU
		{967A1C75-D125-466C-90A6-CA87EF3C4636}.Release|Any CPU.ActiveCfg = Release|Any CPU
		{967A1C75-D125-466C-90A6-CA87EF3C4636}.Release|Any CPU.Build.0 = Release|Any CPU
		{2A9B529B-C7BF-45F4-A051-837564F01505}.Debug|Any CPU.ActiveCfg = Debug|Any CPU
		{2A9B529B-C7BF-45F4-A051-837564F01505}.Debug|Any CPU.Build.0 = Debug|Any CPU
		{2A9B529B-C7BF-45F4-A051-837564F01505}.Release|Any CPU.ActiveCfg = Release|Any CPU
		{2A9B529B-C7BF-45F4-A051-837564F01505}.Release|Any CPU.Build.0 = Release|Any CPU
		{13DB4F43-4C4D-4D6F-9E8F-B101F97FB3B5}.Debug|Any CPU.ActiveCfg = Debug|Any CPU
		{13DB4F43-4C4D-4D6F-9E8F-B101F97FB3B5}.Debug|Any CPU.Build.0 = Debug|Any CPU
		{13DB4F43-4C4D-4D6F-9E8F-B101F97FB3B5}.Release|Any CPU.ActiveCfg = Release|Any CPU
		{13DB4F43-4C4D-4D6F-9E8F-B101F97FB3B5}.Release|Any CPU.Build.0 = Release|Any CPU
	EndGlobalSection
	GlobalSection(SolutionProperties) = preSolution
		HideSolutionNode = FALSE
	EndGlobalSection
	GlobalSection(ExtensibilityGlobals) = postSolution
		SolutionGuid = {B7E6C2FE-43EF-47DD-86F2-FE574BDEFB07}
	EndGlobalSection
EndGlobal
